
Microsoft Visual Studio Solution File, Format Version 12.00
# Visual Studio 15
VisualStudioVersion = 15.0.28010.2041
MinimumVisualStudioVersion = 10.0.40219.1
Project("{FAE04EC0-301F-11D3-BF4B-00C04F79EFBC}") = "ProjectViewScore", "ProjectViewScore\ProjectViewScore.csproj", "{2EFA7D2E-7BEB-4202-836E-1E9A26E9F9E0}"
EndProject
Global
	GlobalSection(SolutionConfigurationPlatforms) = preSolution
		Debug|Any CPU = Debug|Any CPU
		Release|Any CPU = Release|Any CPU
	EndGlobalSection
	GlobalSection(ProjectConfigurationPlatforms) = postSolution
		{2EFA7D2E-7BEB-4202-836E-1E9A26E9F9E0}.Debug|Any CPU.ActiveCfg = Debug|Any CPU
		{2EFA7D2E-7BEB-4202-836E-1E9A26E9F9E0}.Debug|Any CPU.Build.0 = Debug|Any CPU
		{2EFA7D2E-7BEB-4202-836E-1E9A26E9F9E0}.Release|Any CPU.ActiveCfg = Release|Any CPU
		{2EFA7D2E-7BEB-4202-836E-1E9A26E9F9E0}.Release|Any CPU.Build.0 = Release|Any CPU
	EndGlobalSection
	GlobalSection(SolutionProperties) = preSolution
		HideSolutionNode = FALSE
	EndGlobalSection
	GlobalSection(ExtensibilityGlobals) = postSolution
		SolutionGuid = {9B874A9D-257D-433D-A995-A0F812F1F73D}
	EndGlobalSection
EndGlobal
